[{<<"cowboy">>,
  {git,"https://github.com/ninenines/cowboy.git",
       {ref,"9e600f6c1df3c440bc196b66ebbc005d70107217"}},
  0},
 {<<"cowlib">>,
  {git,"https://github.com/ninenines/cowlib",
       {ref,"cc04201c1d0e1d5603cd1cde037ab729b192634c"}},
  1},
 {<<"ghwhk">>,
  {git_subdir,"https://github.com/ts-klassen/ghwhk.git",
              {ref,"a110e994da2938030e6076f10d59f9b1535794aa"},
              "apps/ghwhk"},
  0},
 {<<"gpte">>,
  {git_subdir,"https://github.com/ts-klassen/gpte.git",
              {ref,"5bf88b1fdc9a78e8acea4ba210e193978fb3efd4"},
              "apps/gpte"},
  0},
 {<<"jobpq">>,
  {git_subdir,"https://github.com/ts-klassen/jobpq.git",
              {ref,"d7e8aa3cc5dff580703ff4d0462d5144a103bbac"},
              "apps/jobpq"},
  0},
 {<<"jsone">>,
  {git,"https://github.com/sile/jsone.git",
       {ref,"e25344b6c202dd7ffe520c0fb623c1ac53b637df"}},
  1},
 {<<"jwk">>,
  {git,"https://github.com/ts-klassen/jwk.git",
       {ref,"c9bed42691b78d836349577277621a0344ced883"}},
  0},
 {<<"klsn">>,
  {git,"https://github.com/ts-klassen/klsn.git",
       {ref,"d66599df41b737386ecae4af1648005017e96c70"}},
  0},
 {<<"pqueue">>,
  {git,"https://github.com/okeuday/pqueue.git",
       {ref,"b917c968f918aefe744a9c5c75dbd37f464a1cba"}},
  0},
 {<<"ranch">>,
  {git,"https://github.com/ninenines/ranch",
       {ref,"a692f44567034dacf5efcaa24a24183788594eb7"}},
  1}].
